
Microsoft Visual Studio Solution File, Format Version 12.00
# Visual Studio Version 17
VisualStudioVersion = 17.14.36518.9 d17.14
MinimumVisualStudioVersion = 10.0.40219.1
Project("{FAE04EC0-301F-11D3-BF4B-00C04F79EFBC}") = "Tests", "Tests\Tests.csproj", "{1B19293A-1694-4A88-8E26-488EF2AB4987}"
EndProject
Project("{FAE04EC0-301F-11D3-BF4B-00C04F79EFBC}") = "Otus.Learning", "Otus.Learning\Otus.Learning.csproj", "{234ADF36-D078-4C1D-A578-B23137C16BA4}"
EndProject
Global
	GlobalSection(SolutionConfigurationPlatforms) = preSolution
		Debug|Any CPU = Debug|Any CPU
		Release|Any CPU = Release|Any CPU
	EndGlobalSection
	GlobalSection(ProjectConfigurationPlatforms) = postSolution
		{2A936BD2-0348-48A0-BEDF-2D2311052D5F}.Debug|Any CPU.ActiveCfg = Debug|Any CPU
		{2A936BD2-0348-48A0-BEDF-2D2311052D5F}.Debug|Any CPU.Build.0 = Debug|Any CPU
		{2A936BD2-0348-48A0-BEDF-2D2311052D5F}.Release|Any CPU.ActiveCfg = Release|Any CPU
		{2A936BD2-0348-48A0-BEDF-2D2311052D5F}.Release|Any CPU.Build.0 = Release|Any CPU
		{1B19293A-1694-4A88-8E26-488EF2AB4987}.Debug|Any CPU.ActiveCfg = Debug|Any CPU
		{1B19293A-1694-4A88-8E26-488EF2AB4987}.Debug|Any CPU.Build.0 = Debug|Any CPU
		{1B19293A-1694-4A88-8E26-488EF2AB4987}.Release|Any CPU.ActiveCfg = Release|Any CPU
		{1B19293A-1694-4A88-8E26-488EF2AB4987}.Release|Any CPU.Build.0 = Release|Any CPU
		{234ADF36-D078-4C1D-A578-B23137C16BA4}.Debug|Any CPU.ActiveCfg = Debug|Any CPU
		{234ADF36-D078-4C1D-A578-B23137C16BA4}.Debug|Any CPU.Build.0 = Debug|Any CPU
		{234ADF36-D078-4C1D-A578-B23137C16BA4}.Release|Any CPU.ActiveCfg = Release|Any CPU
		{234ADF36-D078-4C1D-A578-B23137C16BA4}.Release|Any CPU.Build.0 = Release|Any CPU
	EndGlobalSection
	GlobalSection(SolutionProperties) = preSolution
		HideSolutionNode = FALSE
	EndGlobalSection
	GlobalSection(ExtensibilityGlobals) = postSolution
		SolutionGuid = {373273C1-978A-4923-AF90-5724668FBE27}
	EndGlobalSection
EndGlobal
